// !$*UTF8*$!
{
	archiveVersion = 1;
	classes = {
	};
	objectVersion = 46;
	objects = {

/* Begin PBXBuildFile section */
		76ABBFD819C74EAE001F04B2 /* DetalleEventoViewController.swift in Sources */ = {isa = PBXBuildFile; fileRef = 76ABBFD719C74EAE001F04B2 /* DetalleEventoViewController.swift */; };
		76ABBFDB19C75A32001F04B2 /* DirectorioEscolarViewController.swift in Sources */ = {isa = PBXBuildFile; fileRef = 76ABBFDA19C75A32001F04B2 /* DirectorioEscolarViewController.swift */; };
		76ABBFDE19C75E1F001F04B2 /* NotificacionesViewController.swift in Sources */ = {isa = PBXBuildFile; fileRef = 76ABBFDD19C75E1F001F04B2 /* NotificacionesViewController.swift */; };
		B206DDC819BE1D9B001CECBC /* Main.storyboard in Resources */ = {isa = PBXBuildFile; fileRef = B206DDC619BE1D9B001CECBC /* Main.storyboard */; };
		B206DDCA19BE1D9B001CECBC /* Images.xcassets in Resources */ = {isa = PBXBuildFile; fileRef = B206DDC919BE1D9B001CECBC /* Images.xcassets */; };
		B206DDD619BE1D9B001CECBC /* AppEscolarTests.swift in Sources */ = {isa = PBXBuildFile; fileRef = B206DDD519BE1D9B001CECBC /* AppEscolarTests.swift */; };
		B206DDEC19BE23C9001CECBC /* AppDelegate.swift in Sources */ = {isa = PBXBuildFile; fileRef = B206DDEB19BE23C9001CECBC /* AppDelegate.swift */; };
		B206DDFE19BE3296001CECBC /* SidebarMenuController.swift in Sources */ = {isa = PBXBuildFile; fileRef = B206DDFD19BE3296001CECBC /* SidebarMenuController.swift */; };
		B20F8A8719CB8E2900180B34 /* AsistenciasViewController.swift in Sources */ = {isa = PBXBuildFile; fileRef = B20F8A8619CB8E2900180B34 /* AsistenciasViewController.swift */; };
		B20F8A9819CB958900180B34 /* NSCalendar+RSDFAdditions.m in Sources */ = {isa = PBXBuildFile; fileRef = B20F8A8A19CB958900180B34 /* NSCalendar+RSDFAdditions.m */; };
		B20F8A9919CB958900180B34 /* RSDFDatePickerCollectionView.m in Sources */ = {isa = PBXBuildFile; fileRef = B20F8A8D19CB958900180B34 /* RSDFDatePickerCollectionView.m */; };
		B20F8A9A19CB958900180B34 /* RSDFDatePickerCollectionViewLayout.m in Sources */ = {isa = PBXBuildFile; fileRef = B20F8A8F19CB958900180B34 /* RSDFDatePickerCollectionViewLayout.m */; };
		B20F8A9B19CB958900180B34 /* RSDFDatePickerDayCell.m in Sources */ = {isa = PBXBuildFile; fileRef = B20F8A9119CB958900180B34 /* RSDFDatePickerDayCell.m */; };
		B20F8A9C19CB958900180B34 /* RSDFDatePickerDaysOfWeekView.m in Sources */ = {isa = PBXBuildFile; fileRef = B20F8A9319CB958900180B34 /* RSDFDatePickerDaysOfWeekView.m */; };
		B20F8A9D19CB958900180B34 /* RSDFDatePickerMonthHeader.m in Sources */ = {isa = PBXBuildFile; fileRef = B20F8A9519CB958900180B34 /* RSDFDatePickerMonthHeader.m */; };
		B20F8A9E19CB958900180B34 /* RSDFDatePickerView.m in Sources */ = {isa = PBXBuildFile; fileRef = B20F8A9719CB958900180B34 /* RSDFDatePickerView.m */; };
		B2631F9819C9DE5800012F5E /* MNCalendarHeaderView.m in Sources */ = {isa = PBXBuildFile; fileRef = B2631F8919C9DE5800012F5E /* MNCalendarHeaderView.m */; };
		B2631F9919C9DE5800012F5E /* MNCalendarView.m in Sources */ = {isa = PBXBuildFile; fileRef = B2631F8B19C9DE5800012F5E /* MNCalendarView.m */; };
		B2631F9A19C9DE5800012F5E /* MNCalendarViewCell.m in Sources */ = {isa = PBXBuildFile; fileRef = B2631F8D19C9DE5800012F5E /* MNCalendarViewCell.m */; };
		B2631F9B19C9DE5800012F5E /* MNCalendarViewDayCell.m in Sources */ = {isa = PBXBuildFile; fileRef = B2631F8F19C9DE5800012F5E /* MNCalendarViewDayCell.m */; };
		B2631F9C19C9DE5800012F5E /* MNCalendarViewLayout.m in Sources */ = {isa = PBXBuildFile; fileRef = B2631F9119C9DE5800012F5E /* MNCalendarViewLayout.m */; };
		B2631F9D19C9DE5800012F5E /* MNCalendarViewWeekdayCell.m in Sources */ = {isa = PBXBuildFile; fileRef = B2631F9319C9DE5800012F5E /* MNCalendarViewWeekdayCell.m */; };
		B2631F9E19C9DE5800012F5E /* MNFastDateEnumeration.m in Sources */ = {isa = PBXBuildFile; fileRef = B2631F9519C9DE5800012F5E /* MNFastDateEnumeration.m */; };
		B2631F9F19C9DE5800012F5E /* NSDate+MNAdditions.m in Sources */ = {isa = PBXBuildFile; fileRef = B2631F9719C9DE5800012F5E /* NSDate+MNAdditions.m */; };
		B2631FA319C9F20F00012F5E /* DetalleHijoViewController.swift in Sources */ = {isa = PBXBuildFile; fileRef = B2631FA219C9F20F00012F5E /* DetalleHijoViewController.swift */; };
		B2631FA619CA00E500012F5E /* ZFRippleButton.swift in Sources */ = {isa = PBXBuildFile; fileRef = B2631FA519CA00E500012F5E /* ZFRippleButton.swift */; };
		B26CA53D19C3A48800050693 /* EventoEscolarCell.swift in Sources */ = {isa = PBXBuildFile; fileRef = B26CA53C19C3A48800050693 /* EventoEscolarCell.swift */; };
		B2BEFFCD19CB4139003815A6 /* ReportesViewController.swift in Sources */ = {isa = PBXBuildFile; fileRef = B2BEFFCC19CB4139003815A6 /* ReportesViewController.swift */; };
		B2BEFFD419CB4C7E003815A6 /* HorarioClasesViewController.swift in Sources */ = {isa = PBXBuildFile; fileRef = B2BEFFD319CB4C7E003815A6 /* HorarioClasesViewController.swift */; };
		B2DB765D19C21E1C00071E2D /* slideInOutAnimationController.swift in Sources */ = {isa = PBXBuildFile; fileRef = B2DB765C19C21E1C00071E2D /* slideInOutAnimationController.swift */; };
		B2DCEA9D19C345180028992F /* MenuTableHeaderView.swift in Sources */ = {isa = PBXBuildFile; fileRef = B2DCEA9C19C345180028992F /* MenuTableHeaderView.swift */; };
		B2F22D1E19C0AE9700139AF3 /* MenuTableCell.swift in Sources */ = {isa = PBXBuildFile; fileRef = B2F22D1D19C0AE9700139AF3 /* MenuTableCell.swift */; };
		B2F22D2319C1079600139AF3 /* EventosEscolaresViewController.swift in Sources */ = {isa = PBXBuildFile; fileRef = B2F22D2219C1079600139AF3 /* EventosEscolaresViewController.swift */; };
		B2F22D2519C10A5900139AF3 /* CalendarioEscolarViewController.swift in Sources */ = {isa = PBXBuildFile; fileRef = B2F22D2419C10A5900139AF3 /* CalendarioEscolarViewController.swift */; };
		B2F22D2719C10C1700139AF3 /* MasterNavigationController.swift in Sources */ = {isa = PBXBuildFile; fileRef = B2F22D2619C10C1700139AF3 /* MasterNavigationController.swift */; };
/* End PBXBuildFile section */

/* Begin PBXContainerItemProxy section */
		B206DDD019BE1D9B001CECBC /* PBXContainerItemProxy */ = {
			isa = PBXContainerItemProxy;
			containerPortal = B206DDB519BE1D9B001CECBC /* Project object */;
			proxyType = 1;
			remoteGlobalIDString = B206DDBC19BE1D9B001CECBC;
			remoteInfo = AppEscolar;
		};
/* End PBXContainerItemProxy section */

/* Begin PBXFileReference section */
		76ABBFD719C74EAE001F04B2 /* DetalleEventoViewController.swift */ = {isa = PBXFileReference; fileEncoding = 4; lastKnownFileType = sourcecode.swift; path = DetalleEventoViewController.swift; sourceTree = "<group>"; };
		76ABBFDA19C75A32001F04B2 /* DirectorioEscolarViewController.swift */ = {isa = PBXFileReference; fileEncoding = 4; lastKnownFileType = sourcecode.swift; path = DirectorioEscolarViewController.swift; sourceTree = "<group>"; };
		76ABBFDD19C75E1F001F04B2 /* NotificacionesViewController.swift */ = {isa = PBXFileReference; fileEncoding = 4; lastKnownFileType = sourcecode.swift; path = NotificacionesViewController.swift; sourceTree = "<group>"; };
		B206DDBD19BE1D9B001CECBC /* AppEscolar.app */ = {isa = PBXFileReference; explicitFileType = wrapper.application; includeInIndex = 0; path = AppEscolar.app; sourceTree = BUILT_PRODUCTS_DIR; };
		B206DDC919BE1D9B001CECBC /* Images.xcassets */ = {isa = PBXFileReference; lastKnownFileType = folder.assetcatalog; path = Images.xcassets; sourceTree = "<group>"; };
		B206DDCF19BE1D9B001CECBC /* AppEscolarTests.xctest */ = {isa = PBXFileReference; explicitFileType = wrapper.cfbundle; includeInIndex = 0; path = AppEscolarTests.xctest; sourceTree = BUILT_PRODUCTS_DIR; };
		B206DDD419BE1D9B001CECBC /* Info.plist */ = {isa = PBXFileReference; lastKnownFileType = text.plist.xml; path = Info.plist; sourceTree = "<group>"; };
		B206DDD519BE1D9B001CECBC /* AppEscolarTests.swift */ = {isa = PBXFileReference; lastKnownFileType = sourcecode.swift; path = AppEscolarTests.swift; sourceTree = "<group>"; };
		B206DDE919BE22FA001CECBC /* Info.plist */ = {isa = PBXFileReference; fileEncoding = 4; lastKnownFileType = text.plist.xml; name = Info.plist; path = Application/Info.plist; sourceTree = "<group>"; };
		B206DDEB19BE23C9001CECBC /* AppDelegate.swift */ = {isa = PBXFileReference; fileEncoding = 4; lastKnownFileType = sourcecode.swift; path = AppDelegate.swift; sourceTree = "<group>"; };
		B206DDFB19BE3054001CECBC /* Base */ = {isa = PBXFileReference; lastKnownFileType = file.storyboard; name = Base; path = Base.lproj/Main.storyboard; sourceTree = "<group>"; };
		B206DDFD19BE3296001CECBC /* SidebarMenuController.swift */ = {isa = PBXFileReference; fileEncoding = 4; lastKnownFileType = sourcecode.swift; path = SidebarMenuController.swift; sourceTree = "<group>"; };
		B20F8A8619CB8E2900180B34 /* AsistenciasViewController.swift */ = {isa = PBXFileReference; fileEncoding = 4; lastKnownFileType = sourcecode.swift; path = AsistenciasViewController.swift; sourceTree = "<group>"; };
		B20F8A8919CB958900180B34 /* NSCalendar+RSDFAdditions.h */ = {isa = PBXFileReference; fileEncoding = 4; lastKnownFileType = sourcecode.c.h; path = "NSCalendar+RSDFAdditions.h"; sourceTree = "<group>"; };
		B20F8A8A19CB958900180B34 /* NSCalendar+RSDFAdditions.m */ = {isa = PBXFileReference; fileEncoding = 4; lastKnownFileType = sourcecode.c.objc; path = "NSCalendar+RSDFAdditions.m"; sourceTree = "<group>"; };
		B20F8A8B19CB958900180B34 /* RSDayFlow.h */ = {isa = PBXFileReference; fileEncoding = 4; lastKnownFileType = sourcecode.c.h; path = RSDayFlow.h; sourceTree = "<group>"; };
		B20F8A8C19CB958900180B34 /* RSDFDatePickerCollectionView.h */ = {isa = PBXFileReference; fileEncoding = 4; lastKnownFileType = sourcecode.c.h; path = RSDFDatePickerCollectionView.h; sourceTree = "<group>"; };
		B20F8A8D19CB958900180B34 /* RSDFDatePickerCollectionView.m */ = {isa = PBXFileReference; fileEncoding = 4; lastKnownFileType = sourcecode.c.objc; path = RSDFDatePickerCollectionView.m; sourceTree = "<group>"; };
		B20F8A8E19CB958900180B34 /* RSDFDatePickerCollectionViewLayout.h */ = {isa = PBXFileReference; fileEncoding = 4; lastKnownFileType = sourcecode.c.h; path = RSDFDatePickerCollectionViewLayout.h; sourceTree = "<group>"; };
		B20F8A8F19CB958900180B34 /* RSDFDatePickerCollectionViewLayout.m */ = {isa = PBXFileReference; fileEncoding = 4; lastKnownFileType = sourcecode.c.objc; path = RSDFDatePickerCollectionViewLayout.m; sourceTree = "<group>"; };
		B20F8A9019CB958900180B34 /* RSDFDatePickerDayCell.h */ = {isa = PBXFileReference; fileEncoding = 4; lastKnownFileType = sourcecode.c.h; path = RSDFDatePickerDayCell.h; sourceTree = "<group>"; };
		B20F8A9119CB958900180B34 /* RSDFDatePickerDayCell.m */ = {isa = PBXFileReference; fileEncoding = 4; lastKnownFileType = sourcecode.c.objc; path = RSDFDatePickerDayCell.m; sourceTree = "<group>"; };
		B20F8A9219CB958900180B34 /* RSDFDatePickerDaysOfWeekView.h */ = {isa = PBXFileReference; fileEncoding = 4; lastKnownFileType = sourcecode.c.h; path = RSDFDatePickerDaysOfWeekView.h; sourceTree = "<group>"; };
		B20F8A9319CB958900180B34 /* RSDFDatePickerDaysOfWeekView.m */ = {isa = PBXFileReference; fileEncoding = 4; lastKnownFileType = sourcecode.c.objc; path = RSDFDatePickerDaysOfWeekView.m; sourceTree = "<group>"; };
		B20F8A9419CB958900180B34 /* RSDFDatePickerMonthHeader.h */ = {isa = PBXFileReference; fileEncoding = 4; lastKnownFileType = sourcecode.c.h; path = RSDFDatePickerMonthHeader.h; sourceTree = "<group>"; };
		B20F8A9519CB958900180B34 /* RSDFDatePickerMonthHeader.m */ = {isa = PBXFileReference; fileEncoding = 4; lastKnownFileType = sourcecode.c.objc; path = RSDFDatePickerMonthHeader.m; sourceTree = "<group>"; };
		B20F8A9619CB958900180B34 /* RSDFDatePickerView.h */ = {isa = PBXFileReference; fileEncoding = 4; lastKnownFileType = sourcecode.c.h; path = RSDFDatePickerView.h; sourceTree = "<group>"; };
		B20F8A9719CB958900180B34 /* RSDFDatePickerView.m */ = {isa = PBXFileReference; fileEncoding = 4; lastKnownFileType = sourcecode.c.objc; path = RSDFDatePickerView.m; sourceTree = "<group>"; };
		B2631F8819C9DE5800012F5E /* MNCalendarHeaderView.h */ = {isa = PBXFileReference; fileEncoding = 4; lastKnownFileType = sourcecode.c.h; path = MNCalendarHeaderView.h; sourceTree = "<group>"; };
		B2631F8919C9DE5800012F5E /* MNCalendarHeaderView.m */ = {isa = PBXFileReference; fileEncoding = 4; lastKnownFileType = sourcecode.c.objc; path = MNCalendarHeaderView.m; sourceTree = "<group>"; };
		B2631F8A19C9DE5800012F5E /* MNCalendarView.h */ = {isa = PBXFileReference; fileEncoding = 4; lastKnownFileType = sourcecode.c.h; path = MNCalendarView.h; sourceTree = "<group>"; };
		B2631F8B19C9DE5800012F5E /* MNCalendarView.m */ = {isa = PBXFileReference; fileEncoding = 4; lastKnownFileType = sourcecode.c.objc; path = MNCalendarView.m; sourceTree = "<group>"; };
		B2631F8C19C9DE5800012F5E /* MNCalendarViewCell.h */ = {isa = PBXFileReference; fileEncoding = 4; lastKnownFileType = sourcecode.c.h; path = MNCalendarViewCell.h; sourceTree = "<group>"; };
		B2631F8D19C9DE5800012F5E /* MNCalendarViewCell.m */ = {isa = PBXFileReference; fileEncoding = 4; lastKnownFileType = sourcecode.c.objc; path = MNCalendarViewCell.m; sourceTree = "<group>"; };
		B2631F8E19C9DE5800012F5E /* MNCalendarViewDayCell.h */ = {isa = PBXFileReference; fileEncoding = 4; lastKnownFileType = sourcecode.c.h; path = MNCalendarViewDayCell.h; sourceTree = "<group>"; };
		B2631F8F19C9DE5800012F5E /* MNCalendarViewDayCell.m */ = {isa = PBXFileReference; fileEncoding = 4; lastKnownFileType = sourcecode.c.objc; path = MNCalendarViewDayCell.m; sourceTree = "<group>"; };
		B2631F9019C9DE5800012F5E /* MNCalendarViewLayout.h */ = {isa = PBXFileReference; fileEncoding = 4; lastKnownFileType = sourcecode.c.h; path = MNCalendarViewLayout.h; sourceTree = "<group>"; };
		B2631F9119C9DE5800012F5E /* MNCalendarViewLayout.m */ = {isa = PBXFileReference; fileEncoding = 4; lastKnownFileType = sourcecode.c.objc; path = MNCalendarViewLayout.m; sourceTree = "<group>"; };
		B2631F9219C9DE5800012F5E /* MNCalendarViewWeekdayCell.h */ = {isa = PBXFileReference; fileEncoding = 4; lastKnownFileType = sourcecode.c.h; path = MNCalendarViewWeekdayCell.h; sourceTree = "<group>"; };
		B2631F9319C9DE5800012F5E /* MNCalendarViewWeekdayCell.m */ = {isa = PBXFileReference; fileEncoding = 4; lastKnownFileType = sourcecode.c.objc; path = MNCalendarViewWeekdayCell.m; sourceTree = "<group>"; };
		B2631F9419C9DE5800012F5E /* MNFastDateEnumeration.h */ = {isa = PBXFileReference; fileEncoding = 4; lastKnownFileType = sourcecode.c.h; path = MNFastDateEnumeration.h; sourceTree = "<group>"; };
		B2631F9519C9DE5800012F5E /* MNFastDateEnumeration.m */ = {isa = PBXFileReference; fileEncoding = 4; lastKnownFileType = sourcecode.c.objc; path = MNFastDateEnumeration.m; sourceTree = "<group>"; };
		B2631F9619C9DE5800012F5E /* NSDate+MNAdditions.h */ = {isa = PBXFileReference; fileEncoding = 4; lastKnownFileType = sourcecode.c.h; path = "NSDate+MNAdditions.h"; sourceTree = "<group>"; };
		B2631F9719C9DE5800012F5E /* NSDate+MNAdditions.m */ = {isa = PBXFileReference; fileEncoding = 4; lastKnownFileType = sourcecode.c.objc; path = "NSDate+MNAdditions.m"; sourceTree = "<group>"; };
		B2631FA019C9E0F400012F5E /* HeaderMNCalendar.h */ = {isa = PBXFileReference; fileEncoding = 4; lastKnownFileType = sourcecode.c.h; path = HeaderMNCalendar.h; sourceTree = "<group>"; };
		B2631FA219C9F20F00012F5E /* DetalleHijoViewController.swift */ = {isa = PBXFileReference; fileEncoding = 4; lastKnownFileType = sourcecode.swift; path = DetalleHijoViewController.swift; sourceTree = "<group>"; };
		B2631FA519CA00E500012F5E /* ZFRippleButton.swift */ = {isa = PBXFileReference; fileEncoding = 4; lastKnownFileType = sourcecode.swift; path = ZFRippleButton.swift; sourceTree = "<group>"; };
		B26CA53C19C3A48800050693 /* EventoEscolarCell.swift */ = {isa = PBXFileReference; fileEncoding = 4; lastKnownFileType = sourcecode.swift; path = EventoEscolarCell.swift; sourceTree = "<group>"; };
		B2BEFFCC19CB4139003815A6 /* ReportesViewController.swift */ = {isa = PBXFileReference; fileEncoding = 4; lastKnownFileType = sourcecode.swift; path = ReportesViewController.swift; sourceTree = "<group>"; };
		B2BEFFD319CB4C7E003815A6 /* HorarioClasesViewController.swift */ = {isa = PBXFileReference; fileEncoding = 4; lastKnownFileType = sourcecode.swift; path = HorarioClasesViewController.swift; sourceTree = "<group>"; };
		B2DB765C19C21E1C00071E2D /* slideInOutAnimationController.swift */ = {isa = PBXFileReference; fileEncoding = 4; lastKnownFileType = sourcecode.swift; path = slideInOutAnimationController.swift; sourceTree = "<group>"; };
		B2DCEA9C19C345180028992F /* MenuTableHeaderView.swift */ = {isa = PBXFileReference; fileEncoding = 4; lastKnownFileType = sourcecode.swift; path = MenuTableHeaderView.swift; sourceTree = "<group>"; };
		B2F22D1D19C0AE9700139AF3 /* MenuTableCell.swift */ = {isa = PBXFileReference; fileEncoding = 4; lastKnownFileType = sourcecode.swift; path = MenuTableCell.swift; sourceTree = "<group>"; };
		B2F22D2219C1079600139AF3 /* EventosEscolaresViewController.swift */ = {isa = PBXFileReference; fileEncoding = 4; lastKnownFileType = sourcecode.swift; path = EventosEscolaresViewController.swift; sourceTree = "<group>"; };
		B2F22D2419C10A5900139AF3 /* CalendarioEscolarViewController.swift */ = {isa = PBXFileReference; fileEncoding = 4; lastKnownFileType = sourcecode.swift; path = CalendarioEscolarViewController.swift; sourceTree = "<group>"; };
		B2F22D2619C10C1700139AF3 /* MasterNavigationController.swift */ = {isa = PBXFileReference; fileEncoding = 4; lastKnownFileType = sourcecode.swift; path = MasterNavigationController.swift; sourceTree = "<group>"; };
/* End PBXFileReference section */

/* Begin PBXFrameworksBuildPhase section */
		B206DDBA19BE1D9B001CECBC /* Frameworks */ = {
			isa = PBXFrameworksBuildPhase;
			buildActionMask = 2147483647;
			files = (
			);
			runOnlyForDeploymentPostprocessing = 0;
		};
		B206DDCC19BE1D9B001CECBC /* Frameworks */ = {
			isa = PBXFrameworksBuildPhase;
			buildActionMask = 2147483647;
			files = (
			);
			runOnlyForDeploymentPostprocessing = 0;
		};
/* End PBXFrameworksBuildPhase section */

/* Begin PBXGroup section */
		76ABBFD619C74E8D001F04B2 /* Detalle Evento */ = {
			isa = PBXGroup;
			children = (
				76ABBFD719C74EAE001F04B2 /* DetalleEventoViewController.swift */,
			);
			name = "Detalle Evento";
			sourceTree = "<group>";
		};
		76ABBFD919C75A0F001F04B2 /* Directorio Escolar */ = {
			isa = PBXGroup;
			children = (
				76ABBFDA19C75A32001F04B2 /* DirectorioEscolarViewController.swift */,
			);
			name = "Directorio Escolar";
			sourceTree = "<group>";
		};
		76ABBFDC19C75DF8001F04B2 /* Notificaiones */ = {
			isa = PBXGroup;
			children = (
				76ABBFDD19C75E1F001F04B2 /* NotificacionesViewController.swift */,
			);
			name = Notificaiones;
			sourceTree = "<group>";
		};
		B206DDB419BE1D9A001CECBC = {
			isa = PBXGroup;
			children = (
				B206DDBF19BE1D9B001CECBC /* AppEscolar */,
				B206DDD219BE1D9B001CECBC /* AppEscolarTests */,
				B206DDBE19BE1D9B001CECBC /* Products */,
			);
			sourceTree = "<group>";
		};
		B206DDBE19BE1D9B001CECBC /* Products */ = {
			isa = PBXGroup;
			children = (
				B206DDBD19BE1D9B001CECBC /* AppEscolar.app */,
				B206DDCF19BE1D9B001CECBC /* AppEscolarTests.xctest */,
			);
			name = Products;
			sourceTree = "<group>";
		};
		B206DDBF19BE1D9B001CECBC /* AppEscolar */ = {
			isa = PBXGroup;
			children = (
				B206DDDF19BE2248001CECBC /* Application */,
				B206DDE019BE2248001CECBC /* Categories */,
				B206DDE119BE2248001CECBC /* Components */,
				B206DDE219BE2248001CECBC /* Controllers */,
				B206DDE319BE2248001CECBC /* Models */,
				B206DDE419BE2248001CECBC /* Protocols */,
				B206DDE519BE2248001CECBC /* Resources */,
				B206DDE619BE2248001CECBC /* Utility */,
				B206DDE719BE2248001CECBC /* Vendors */,
				B206DDE819BE2248001CECBC /* Views */,
				B206DDC619BE1D9B001CECBC /* Main.storyboard */,
				B206DDC919BE1D9B001CECBC /* Images.xcassets */,
			);
			path = AppEscolar;
			sourceTree = "<group>";
		};
		B206DDC019BE1D9B001CECBC /* Supporting Files */ = {
			isa = PBXGroup;
			children = (
				B206DDE919BE22FA001CECBC /* Info.plist */,
			);
			name = "Supporting Files";
			path = ..;
			sourceTree = "<group>";
		};
		B206DDD219BE1D9B001CECBC /* AppEscolarTests */ = {
			isa = PBXGroup;
			children = (
				B206DDD519BE1D9B001CECBC /* AppEscolarTests.swift */,
				B206DDD319BE1D9B001CECBC /* Supporting Files */,
			);
			path = AppEscolarTests;
			sourceTree = "<group>";
		};
		B206DDD319BE1D9B001CECBC /* Supporting Files */ = {
			isa = PBXGroup;
			children = (
				B206DDD419BE1D9B001CECBC /* Info.plist */,
			);
			name = "Supporting Files";
			sourceTree = "<group>";
		};
		B206DDDF19BE2248001CECBC /* Application */ = {
			isa = PBXGroup;
			children = (
				B206DDEB19BE23C9001CECBC /* AppDelegate.swift */,
				B206DDC019BE1D9B001CECBC /* Supporting Files */,
			);
			path = Application;
			sourceTree = "<group>";
		};
		B206DDE019BE2248001CECBC /* Categories */ = {
			isa = PBXGroup;
			children = (
			);
			path = Categories;
			sourceTree = "<group>";
		};
		B206DDE119BE2248001CECBC /* Components */ = {
			isa = PBXGroup;
			children = (
				B2DCEA9B19C344670028992F /* tableViewHeaders */,
				B2F22D1B19C0ADC000139AF3 /* tableViewCells */,
			);
			path = Components;
			sourceTree = "<group>";
		};
		B206DDE219BE2248001CECBC /* Controllers */ = {
			isa = PBXGroup;
			children = (
				B20F8A8519CB8E1100180B34 /* Asistencias */,
				B2BEFFD219CB4C66003815A6 /* Horario Clases */,
				B2BEFFCB19CB411A003815A6 /* ReportesViewController */,
				B2631FA119C9F1D600012F5E /* Detalle Hijo */,
				76ABBFDC19C75DF8001F04B2 /* Notificaiones */,
				76ABBFD919C75A0F001F04B2 /* Directorio Escolar */,
				76ABBFD619C74E8D001F04B2 /* Detalle Evento */,
				B26CA53A19C3A3C200050693 /* Calendario Escolar */,
				B2F22D1F19C0D2BD00139AF3 /* Eventos Escolares */,
				B206DDF219BE2CDE001CECBC /* customNavigator */,
			);
			path = Controllers;
			sourceTree = "<group>";
		};
		B206DDE319BE2248001CECBC /* Models */ = {
			isa = PBXGroup;
			children = (
			);
			path = Models;
			sourceTree = "<group>";
		};
		B206DDE419BE2248001CECBC /* Protocols */ = {
			isa = PBXGroup;
			children = (
			);
			path = Protocols;
			sourceTree = "<group>";
		};
		B206DDE519BE2248001CECBC /* Resources */ = {
			isa = PBXGroup;
			children = (
			);
			path = Resources;
			sourceTree = "<group>";
		};
		B206DDE619BE2248001CECBC /* Utility */ = {
			isa = PBXGroup;
			children = (
			);
			path = Utility;
			sourceTree = "<group>";
		};
		B206DDE719BE2248001CECBC /* Vendors */ = {
			isa = PBXGroup;
			children = (
				B20F8A8819CB958900180B34 /* RSDayFlow */,
				B2631FA419CA00E500012F5E /* ZFRippleButton */,
				B2631F8719C9DE5800012F5E /* MNCalendarView */,
			);
			path = Vendors;
			sourceTree = "<group>";
		};
		B206DDE819BE2248001CECBC /* Views */ = {
			isa = PBXGroup;
			children = (
			);
			path = Views;
			sourceTree = "<group>";
		};
		B206DDF219BE2CDE001CECBC /* customNavigator */ = {
			isa = PBXGroup;
			children = (
				B2DB765B19C21DF100071E2D /* slideOutAnimation */,
				B2F22D2619C10C1700139AF3 /* MasterNavigationController.swift */,
				B206DDFD19BE3296001CECBC /* SidebarMenuController.swift */,
			);
			name = customNavigator;
			sourceTree = "<group>";
		};
		B20F8A8519CB8E1100180B34 /* Asistencias */ = {
			isa = PBXGroup;
			children = (
				B20F8A8619CB8E2900180B34 /* AsistenciasViewController.swift */,
			);
			name = Asistencias;
			sourceTree = "<group>";
		};
		B20F8A8819CB958900180B34 /* RSDayFlow */ = {
			isa = PBXGroup;
			children = (
				B20F8A8919CB958900180B34 /* NSCalendar+RSDFAdditions.h */,
				B20F8A8A19CB958900180B34 /* NSCalendar+RSDFAdditions.m */,
				B20F8A8B19CB958900180B34 /* RSDayFlow.h */,
				B20F8A8C19CB958900180B34 /* RSDFDatePickerCollectionView.h */,
				B20F8A8D19CB958900180B34 /* RSDFDatePickerCollectionView.m */,
				B20F8A8E19CB958900180B34 /* RSDFDatePickerCollectionViewLayout.h */,
				B20F8A8F19CB958900180B34 /* RSDFDatePickerCollectionViewLayout.m */,
				B20F8A9019CB958900180B34 /* RSDFDatePickerDayCell.h */,
				B20F8A9119CB958900180B34 /* RSDFDatePickerDayCell.m */,
				B20F8A9219CB958900180B34 /* RSDFDatePickerDaysOfWeekView.h */,
				B20F8A9319CB958900180B34 /* RSDFDatePickerDaysOfWeekView.m */,
				B20F8A9419CB958900180B34 /* RSDFDatePickerMonthHeader.h */,
				B20F8A9519CB958900180B34 /* RSDFDatePickerMonthHeader.m */,
				B20F8A9619CB958900180B34 /* RSDFDatePickerView.h */,
				B20F8A9719CB958900180B34 /* RSDFDatePickerView.m */,
			);
			path = RSDayFlow;
			sourceTree = "<group>";
		};
		B2631F8719C9DE5800012F5E /* MNCalendarView */ = {
			isa = PBXGroup;
			children = (
				B2631F8819C9DE5800012F5E /* MNCalendarHeaderView.h */,
				B2631F8919C9DE5800012F5E /* MNCalendarHeaderView.m */,
				B2631F8A19C9DE5800012F5E /* MNCalendarView.h */,
				B2631F8B19C9DE5800012F5E /* MNCalendarView.m */,
				B2631F8C19C9DE5800012F5E /* MNCalendarViewCell.h */,
				B2631F8D19C9DE5800012F5E /* MNCalendarViewCell.m */,
				B2631F8E19C9DE5800012F5E /* MNCalendarViewDayCell.h */,
				B2631F8F19C9DE5800012F5E /* MNCalendarViewDayCell.m */,
				B2631F9019C9DE5800012F5E /* MNCalendarViewLayout.h */,
				B2631F9119C9DE5800012F5E /* MNCalendarViewLayout.m */,
				B2631F9219C9DE5800012F5E /* MNCalendarViewWeekdayCell.h */,
				B2631F9319C9DE5800012F5E /* MNCalendarViewWeekdayCell.m */,
				B2631F9419C9DE5800012F5E /* MNFastDateEnumeration.h */,
				B2631F9519C9DE5800012F5E /* MNFastDateEnumeration.m */,
				B2631F9619C9DE5800012F5E /* NSDate+MNAdditions.h */,
				B2631F9719C9DE5800012F5E /* NSDate+MNAdditions.m */,
				B2631FA019C9E0F400012F5E /* HeaderMNCalendar.h */,
			);
			path = MNCalendarView;
			sourceTree = "<group>";
		};
		B2631FA119C9F1D600012F5E /* Detalle Hijo */ = {
			isa = PBXGroup;
			children = (
				B2631FA219C9F20F00012F5E /* DetalleHijoViewController.swift */,
			);
			name = "Detalle Hijo";
			sourceTree = "<group>";
		};
		B2631FA419CA00E500012F5E /* ZFRippleButton */ = {
			isa = PBXGroup;
			children = (
				B2631FA519CA00E500012F5E /* ZFRippleButton.swift */,
			);
			path = ZFRippleButton;
			sourceTree = "<group>";
		};
		B26CA53A19C3A3C200050693 /* Calendario Escolar */ = {
			isa = PBXGroup;
			children = (
				B2F22D2419C10A5900139AF3 /* CalendarioEscolarViewController.swift */,
			);
			name = "Calendario Escolar";
			sourceTree = "<group>";
		};
		B26CA53B19C3A45D00050693 /* Eventos Escolares */ = {
			isa = PBXGroup;
			children = (
				B26CA53C19C3A48800050693 /* EventoEscolarCell.swift */,
			);
			name = "Eventos Escolares";
			sourceTree = "<group>";
		};
		B2BEFFCB19CB411A003815A6 /* ReportesViewController */ = {
			isa = PBXGroup;
			children = (
				B2BEFFCC19CB4139003815A6 /* ReportesViewController.swift */,
			);
			name = ReportesViewController;
			sourceTree = "<group>";
		};
		B2BEFFD219CB4C66003815A6 /* Horario Clases */ = {
			isa = PBXGroup;
			children = (
				B2BEFFD319CB4C7E003815A6 /* HorarioClasesViewController.swift */,
			);
			name = "Horario Clases";
			sourceTree = "<group>";
		};
		B2DB765B19C21DF100071E2D /* slideOutAnimation */ = {
			isa = PBXGroup;
			children = (
				B2DB765C19C21E1C00071E2D /* slideInOutAnimationController.swift */,
			);
			name = slideOutAnimation;
			sourceTree = "<group>";
		};
		B2DCEA9B19C344670028992F /* tableViewHeaders */ = {
			isa = PBXGroup;
			children = (
				B2DCEA9C19C345180028992F /* MenuTableHeaderView.swift */,
			);
			name = tableViewHeaders;
			sourceTree = "<group>";
		};
		B2F22D1B19C0ADC000139AF3 /* tableViewCells */ = {
			isa = PBXGroup;
			children = (
				B26CA53B19C3A45D00050693 /* Eventos Escolares */,
				B2F22D1C19C0ADC800139AF3 /* Menu */,
			);
			name = tableViewCells;
			sourceTree = "<group>";
		};
		B2F22D1C19C0ADC800139AF3 /* Menu */ = {
			isa = PBXGroup;
			children = (
				B2F22D1D19C0AE9700139AF3 /* MenuTableCell.swift */,
			);
			name = Menu;
			sourceTree = "<group>";
		};
		B2F22D1F19C0D2BD00139AF3 /* Eventos Escolares */ = {
			isa = PBXGroup;
			children = (
				B2F22D2219C1079600139AF3 /* EventosEscolaresViewController.swift */,
			);
			name = "Eventos Escolares";
			sourceTree = "<group>";
		};
/* End PBXGroup section */

/* Begin PBXNativeTarget section */
		B206DDBC19BE1D9B001CECBC /* AppEscolar */ = {
			isa = PBXNativeTarget;
			buildConfigurationList = B206DDD919BE1D9B001CECBC /* Build configuration list for PBXNativeTarget "AppEscolar" */;
			buildPhases = (
				B206DDB919BE1D9B001CECBC /* Sources */,
				B206DDBA19BE1D9B001CECBC /* Frameworks */,
				B206DDBB19BE1D9B001CECBC /* Resources */,
			);
			buildRules = (
			);
			dependencies = (
			);
			name = AppEscolar;
			productName = AppEscolar;
			productReference = B206DDBD19BE1D9B001CECBC /* AppEscolar.app */;
			productType = "com.apple.product-type.application";
		};
		B206DDCE19BE1D9B001CECBC /* AppEscolarTests */ = {
			isa = PBXNativeTarget;
			buildConfigurationList = B206DDDC19BE1D9B001CECBC /* Build configuration list for PBXNativeTarget "AppEscolarTests" */;
			buildPhases = (
				B206DDCB19BE1D9B001CECBC /* Sources */,
				B206DDCC19BE1D9B001CECBC /* Frameworks */,
				B206DDCD19BE1D9B001CECBC /* Resources */,
			);
			buildRules = (
			);
			dependencies = (
				B206DDD119BE1D9B001CECBC /* PBXTargetDependency */,
			);
			name = AppEscolarTests;
			productName = AppEscolarTests;
			productReference = B206DDCF19BE1D9B001CECBC /* AppEscolarTests.xctest */;
			productType = "com.apple.product-type.bundle.unit-test";
		};
/* End PBXNativeTarget section */

/* Begin PBXProject section */
		B206DDB519BE1D9B001CECBC /* Project object */ = {
			isa = PBXProject;
			attributes = {
				LastUpgradeCheck = 0600;
				ORGANIZATIONNAME = "VANGELI ONTIVEROS";
				TargetAttributes = {
					B206DDBC19BE1D9B001CECBC = {
						CreatedOnToolsVersion = 6.0;
					};
					B206DDCE19BE1D9B001CECBC = {
						CreatedOnToolsVersion = 6.0;
						TestTargetID = B206DDBC19BE1D9B001CECBC;
					};
				};
			};
			buildConfigurationList = B206DDB819BE1D9B001CECBC /* Build configuration list for PBXProject "AppEscolar" */;
			compatibilityVersion = "Xcode 3.2";
			developmentRegion = English;
			hasScannedForEncodings = 0;
			knownRegions = (
				en,
				Base,
			);
			mainGroup = B206DDB419BE1D9A001CECBC;
			productRefGroup = B206DDBE19BE1D9B001CECBC /* Products */;
			projectDirPath = "";
			projectRoot = "";
			targets = (
				B206DDBC19BE1D9B001CECBC /* AppEscolar */,
				B206DDCE19BE1D9B001CECBC /* AppEscolarTests */,
			);
		};
/* End PBXProject section */

/* Begin PBXResourcesBuildPhase section */
		B206DDBB19BE1D9B001CECBC /* Resources */ = {
			isa = PBXResourcesBuildPhase;
			buildActionMask = 2147483647;
			files = (
				B206DDC819BE1D9B001CECBC /* Main.storyboard in Resources */,
				B206DDCA19BE1D9B001CECBC /* Images.xcassets in Resources */,
			);
			runOnlyForDeploymentPostprocessing = 0;
		};
		B206DDCD19BE1D9B001CECBC /* Resources */ = {
			isa = PBXResourcesBuildPhase;
			buildActionMask = 2147483647;
			files = (
			);
			runOnlyForDeploymentPostprocessing = 0;
		};
/* End PBXResourcesBuildPhase section */

/* Begin PBXSourcesBuildPhase section */
		B206DDB919BE1D9B001CECBC /* Sources */ = {
			isa = PBXSourcesBuildPhase;
			buildActionMask = 2147483647;
			files = (
				B2631F9B19C9DE5800012F5E /* MNCalendarViewDayCell.m in Sources */,
				B20F8A8719CB8E2900180B34 /* AsistenciasViewController.swift in Sources */,
				B2BEFFCD19CB4139003815A6 /* ReportesViewController.swift in Sources */,
				B2F22D2719C10C1700139AF3 /* MasterNavigationController.swift in Sources */,
				76ABBFD819C74EAE001F04B2 /* DetalleEventoViewController.swift in Sources */,
				B2631F9F19C9DE5800012F5E /* NSDate+MNAdditions.m in Sources */,
				B20F8A9B19CB958900180B34 /* RSDFDatePickerDayCell.m in Sources */,
				B2BEFFD419CB4C7E003815A6 /* HorarioClasesViewController.swift in Sources */,
				B20F8A9919CB958900180B34 /* RSDFDatePickerCollectionView.m in Sources */,
				B206DDFE19BE3296001CECBC /* SidebarMenuController.swift in Sources */,
				B20F8A9D19CB958900180B34 /* RSDFDatePickerMonthHeader.m in Sources */,
				B2F22D1E19C0AE9700139AF3 /* MenuTableCell.swift in Sources */,
				B206DDEC19BE23C9001CECBC /* AppDelegate.swift in Sources */,
				B2631FA619CA00E500012F5E /* ZFRippleButton.swift in Sources */,
				B20F8A9819CB958900180B34 /* NSCalendar+RSDFAdditions.m in Sources */,
				B2631F9D19C9DE5800012F5E /* MNCalendarViewWeekdayCell.m in Sources */,
				B2F22D2519C10A5900139AF3 /* CalendarioEscolarViewController.swift in Sources */,
				B2631FA319C9F20F00012F5E /* DetalleHijoViewController.swift in Sources */,
				76ABBFDE19C75E1F001F04B2 /* NotificacionesViewController.swift in Sources */,
				76ABBFDB19C75A32001F04B2 /* DirectorioEscolarViewController.swift in Sources */,
				B26CA53D19C3A48800050693 /* EventoEscolarCell.swift in Sources */,
				B20F8A9E19CB958900180B34 /* RSDFDatePickerView.m in Sources */,
				B20F8A9A19CB958900180B34 /* RSDFDatePickerCollectionViewLayout.m in Sources */,
				B2DCEA9D19C345180028992F /* MenuTableHeaderView.swift in Sources */,
				B2631F9E19C9DE5800012F5E /* MNFastDateEnumeration.m in Sources */,
				B20F8A9C19CB958900180B34 /* RSDFDatePickerDaysOfWeekView.m in Sources */,
				B2631F9A19C9DE5800012F5E /* MNCalendarViewCell.m in Sources */,
				B2F22D2319C1079600139AF3 /* EventosEscolaresViewController.swift in Sources */,
				B2631F9819C9DE5800012F5E /* MNCalendarHeaderView.m in Sources */,
				B2DB765D19C21E1C00071E2D /* slideInOutAnimationController.swift in Sources */,
				B2631F9C19C9DE5800012F5E /* MNCalendarViewLayout.m in Sources */,
				B2631F9919C9DE5800012F5E /* MNCalendarView.m in Sources */,
			);
			runOnlyForDeploymentPostprocessing = 0;
		};
		B206DDCB19BE1D9B001CECBC /* Sources */ = {
			isa = PBXSourcesBuildPhase;
			buildActionMask = 2147483647;
			files = (
				B206DDD619BE1D9B001CECBC /* AppEscolarTests.swift in Sources */,
			);
			runOnlyForDeploymentPostprocessing = 0;
		};
/* End PBXSourcesBuildPhase section */

/* Begin PBXTargetDependency section */
		B206DDD119BE1D9B001CECBC /* PBXTargetDependency */ = {
			isa = PBXTargetDependency;
			target = B206DDBC19BE1D9B001CECBC /* AppEscolar */;
			targetProxy = B206DDD019BE1D9B001CECBC /* PBXContainerItemProxy */;
		};
/* End PBXTargetDependency section */

/* Begin PBXVariantGroup section */
		B206DDC619BE1D9B001CECBC /* Main.storyboard */ = {
			isa = PBXVariantGroup;
			children = (
				B206DDFB19BE3054001CECBC /* Base */,
			);
			name = Main.storyboard;
			sourceTree = "<group>";
		};
/* End PBXVariantGroup section */

/* Begin XCBuildConfiguration section */
		B206DDD719BE1D9B001CECBC /* Debug */ = {
			isa = XCBuildConfiguration;
			buildSettings = {
				ALWAYS_SEARCH_USER_PATHS = NO;
				CLANG_CXX_LANGUAGE_STANDARD = "gnu++0x";
				CLANG_CXX_LIBRARY = "libc++";
				CLANG_ENABLE_MODULES = YES;
				CLANG_ENABLE_OBJC_ARC = YES;
				CLANG_WARN_BOOL_CONVERSION = YES;
				CLANG_WARN_CONSTANT_CONVERSION = YES;
				CLANG_WARN_DIRECT_OBJC_ISA_USAGE = YES_ERROR;
				CLANG_WARN_EMPTY_BODY = YES;
				CLANG_WARN_ENUM_CONVERSION = YES;
				CLANG_WARN_INT_CONVERSION = YES;
				CLANG_WARN_OBJC_ROOT_CLASS = YES_ERROR;
				CLANG_WARN_UNREACHABLE_CODE = YES;
				CLANG_WARN__DUPLICATE_METHOD_MATCH = YES;
				"CODE_SIGN_IDENTITY[sdk=iphoneos*]" = "iPhone Developer";
				COPY_PHASE_STRIP = NO;
				ENABLE_STRICT_OBJC_MSGSEND = YES;
				GCC_C_LANGUAGE_STANDARD = gnu99;
				GCC_DYNAMIC_NO_PIC = NO;
				GCC_OPTIMIZATION_LEVEL = 0;
				GCC_PREPROCESSOR_DEFINITIONS = (
					"DEBUG=1",
					"$(inherited)",
				);
				GCC_SYMBOLS_PRIVATE_EXTERN = NO;
				GCC_WARN_64_TO_32_BIT_CONVERSION = YES;
				GCC_WARN_ABOUT_RETURN_TYPE = YES_ERROR;
				GCC_WARN_UNDECLARED_SELECTOR = YES;
				GCC_WARN_UNINITIALIZED_AUTOS = YES_AGGRESSIVE;
				GCC_WARN_UNUSED_FUNCTION = YES;
				GCC_WARN_UNUSED_VARIABLE = YES;
				IPHONEOS_DEPLOYMENT_TARGET = 8.0;
				MTL_ENABLE_DEBUG_INFO = YES;
				ONLY_ACTIVE_ARCH = YES;
				SDKROOT = iphoneos;
				SWIFT_OPTIMIZATION_LEVEL = "-Onone";
			};
			name = Debug;
		};
		B206DDD819BE1D9B001CECBC /* Release */ = {
			isa = XCBuildConfiguration;
			buildSettings = {
				ALWAYS_SEARCH_USER_PATHS = NO;
				CLANG_CXX_LANGUAGE_STANDARD = "gnu++0x";
				CLANG_CXX_LIBRARY = "libc++";
				CLANG_ENABLE_MODULES = YES;
				CLANG_ENABLE_OBJC_ARC = YES;
				CLANG_WARN_BOOL_CONVERSION = YES;
				CLANG_WARN_CONSTANT_CONVERSION = YES;
				CLANG_WARN_DIRECT_OBJC_ISA_USAGE = YES_ERROR;
				CLANG_WARN_EMPTY_BODY = YES;
				CLANG_WARN_ENUM_CONVERSION = YES;
				CLANG_WARN_INT_CONVERSION = YES;
				CLANG_WARN_OBJC_ROOT_CLASS = YES_ERROR;
				CLANG_WARN_UNREACHABLE_CODE = YES;
				CLANG_WARN__DUPLICATE_METHOD_MATCH = YES;
				"CODE_SIGN_IDENTITY[sdk=iphoneos*]" = "iPhone Developer";
				COPY_PHASE_STRIP = YES;
				ENABLE_NS_ASSERTIONS = NO;
				ENABLE_STRICT_OBJC_MSGSEND = YES;
				GCC_C_LANGUAGE_STANDARD = gnu99;
				GCC_WARN_64_TO_32_BIT_CONVERSION = YES;
				GCC_WARN_ABOUT_RETURN_TYPE = YES_ERROR;
				GCC_WARN_UNDECLARED_SELECTOR = YES;
				GCC_WARN_UNINITIALIZED_AUTOS = YES_AGGRESSIVE;
				GCC_WARN_UNUSED_FUNCTION = YES;
				GCC_WARN_UNUSED_VARIABLE = YES;
				IPHONEOS_DEPLOYMENT_TARGET = 8.0;
				MTL_ENABLE_DEBUG_INFO = NO;
				SDKROOT = iphoneos;
				VALIDATE_PRODUCT = YES;
			};
			name = Release;
		};
		B206DDDA19BE1D9B001CECBC /* Debug */ = {
			isa = XCBuildConfiguration;
			buildSettings = {
				ASSETCATALOG_COMPILER_APPICON_NAME = AppIcon;
				ASSETCATALOG_COMPILER_LAUNCHIMAGE_NAME = LaunchImage;
				INFOPLIST_FILE = AppEscolar/Application/Info.plist;
				LD_RUNPATH_SEARCH_PATHS = "$(inherited) @executable_path/Frameworks";
				PRODUCT_NAME = "$(TARGET_NAME)";
				SWIFT_OBJC_BRIDGING_HEADER = "$(SRCROOT)/AppEscolar/Vendors/MNCalendarView/HeaderMNCalendar.h";
			};
			name = Debug;
		};
		B206DDDB19BE1D9B001CECBC /* Release */ = {
			isa = XCBuildConfiguration;
			buildSettings = {
				ASSETCATALOG_COMPILER_APPICON_NAME = AppIcon;
				ASSETCATALOG_COMPILER_LAUNCHIMAGE_NAME = LaunchImage;
				INFOPLIST_FILE = AppEscolar/Application/Info.plist;
				LD_RUNPATH_SEARCH_PATHS = "$(inherited) @executable_path/Frameworks";
				PRODUCT_NAME = "$(TARGET_NAME)";
				SWIFT_OBJC_BRIDGING_HEADER = "$(SRCROOT)/AppEscolar/Vendors/MNCalendarView/HeaderMNCalendar.h";
			};
			name = Release;
		};
		B206DDDD19BE1D9B001CECBC /* Debug */ = {
			isa = XCBuildConfiguration;
			buildSettings = {
				BUNDLE_LOADER = "$(TEST_HOST)";
				FRAMEWORK_SEARCH_PATHS = (
					"$(SDKROOT)/Developer/Library/Frameworks",
					"$(inherited)",
				);
				GCC_PREPROCESSOR_DEFINITIONS = (
					"DEBUG=1",
					"$(inherited)",
				);
				INFOPLIST_FILE = AppEscolarTests/Info.plist;
				LD_RUNPATH_SEARCH_PATHS = "$(inherited) @executable_path/Frameworks @loader_path/Frameworks";
				PRODUCT_NAME = "$(TARGET_NAME)";
				TEST_HOST = "$(BUILT_PRODUCTS_DIR)/AppEscolar.app/AppEscolar";
			};
			name = Debug;
		};
		B206DDDE19BE1D9B001CECBC /* Release */ = {
			isa = XCBuildConfiguration;
			buildSettings = {
				BUNDLE_LOADER = "$(TEST_HOST)";
				FRAMEWORK_SEARCH_PATHS = (
					"$(SDKROOT)/Developer/Library/Frameworks",
					"$(inherited)",
				);
				INFOPLIST_FILE = AppEscolarTests/Info.plist;
				LD_RUNPATH_SEARCH_PATHS = "$(inherited) @executable_path/Frameworks @loader_path/Frameworks";
				PRODUCT_NAME = "$(TARGET_NAME)";
				TEST_HOST = "$(BUILT_PRODUCTS_DIR)/AppEscolar.app/AppEscolar";
			};
			name = Release;
		};
/* End XCBuildConfiguration section */

/* Begin XCConfigurationList section */
		B206DDB819BE1D9B001CECBC /* Build configuration list for PBXProject "AppEscolar" */ = {
			isa = XCConfigurationList;
			buildConfigurations = (
				B206DDD719BE1D9B001CECBC /* Debug */,
				B206DDD819BE1D9B001CECBC /* Release */,
			);
			defaultConfigurationIsVisible = 0;
			defaultConfigurationName = Release;
		};
		B206DDD919BE1D9B001CECBC /* Build configuration list for PBXNativeTarget "AppEscolar" */ = {
			isa = XCConfigurationList;
			buildConfigurations = (
				B206DDDA19BE1D9B001CECBC /* Debug */,
				B206DDDB19BE1D9B001CECBC /* Release */,
			);
			defaultConfigurationIsVisible = 0;
			defaultConfigurationName = Release;
		};
		B206DDDC19BE1D9B001CECBC /* Build configuration list for PBXNativeTarget "AppEscolarTests" */ = {
			isa = XCConfigurationList;
			buildConfigurations = (
				B206DDDD19BE1D9B001CECBC /* Debug */,
				B206DDDE19BE1D9B001CECBC /* Release */,
			);
			defaultConfigurationIsVisible = 0;
			defaultConfigurationName = Release;
		};
/* End XCConfigurationList section */
	};
	rootObject = B206DDB519BE1D9B001CECBC /* Project object */;
}
